[root]
name = "plank"
version = "0.1.0"
dependencies = [
 "nalgebra 0.12.3 (registry+https://github.com/rust-lang/crates.io-index)",
 "scad_generator 0.1.0 (git+https://github.com/TheZoq2/Rust-Scad.git)",
 "scad_util 0.1.0 (git+https://github.com/TheZoq2/Rust-scad-util.git)",
]

[[package]]
name = "alga"
version = "0.5.1"
source = "registry+https://github.com/rust-lang/crates.io-index"
dependencies = [
 "approx 0.1.1 (registry+https://github.com/rust-lang/crates.io-index)",
 "num-complex 0.1.38 (registry+https://github.com/rust-lang/crates.io-index)",
 "num-traits 0.1.39 (registry+https://github.com/rust-lang/crates.io-index)",
]

[[package]]
name = "approx"
version = "0.1.1"
source = "registry+https://github.com/rust-lang/crates.io-index"

[[package]]
name = "generic-array"
version = "0.2.1"
source = "registry+https://github.com/rust-lang/crates.io-index"
dependencies = [
 "typenum 1.9.0 (registry+https://github.com/rust-lang/crates.io-index)",
]

[[package]]
name = "libc"
version = "0.2.24"
source = "registry+https://github.com/rust-lang/crates.io-index"

[[package]]
name = "nalgebra"
version = "0.12.3"
source = "registry+https://github.com/rust-lang/crates.io-index"
dependencies = [
 "alga 0.5.1 (registry+https://github.com/rust-lang/crates.io-index)",
 "approx 0.1.1 (registry+https://github.com/rust-lang/crates.io-index)",
 "generic-array 0.2.1 (registry+https://github.com/rust-lang/crates.io-index)",
 "num-complex 0.1.38 (registry+https://github.com/rust-lang/crates.io-index)",
 "num-traits 0.1.39 (registry+https://github.com/rust-lang/crates.io-index)",
 "rand 0.3.15 (registry+https://github.com/rust-lang/crates.io-index)",
 "typenum 1.9.0 (registry+https://github.com/rust-lang/crates.io-index)",
]

[[package]]
name = "num-complex"
version = "0.1.38"
source = "registry+https://github.com/rust-lang/crates.io-index"
dependencies = [
 "num-traits 0.1.39 (registry+https://github.com/rust-lang/crates.io-index)",
 "rustc-serialize 0.3.24 (registry+https://github.com/rust-lang/crates.io-index)",
]

[[package]]
name = "num-traits"
version = "0.1.39"
source = "registry+https://github.com/rust-lang/crates.io-index"

[[package]]
name = "rand"
version = "0.3.15"
source = "registry+https://github.com/rust-lang/crates.io-index"
dependencies = [
 "libc 0.2.24 (registry+https://github.com/rust-lang/crates.io-index)",
]

[[package]]
name = "rustc-serialize"
version = "0.3.24"
source = "registry+https://github.com/rust-lang/crates.io-index"

[[package]]
name = "scad_generator"
version = "0.1.0"
source = "git+https://github.com/TheZoq2/Rust-Scad.git#022da7f901365c999f91b0d420b028816c34be7f"
dependencies = [
 "nalgebra 0.12.3 (registry+https://github.com/rust-lang/crates.io-index)",
]

[[package]]
name = "scad_util"
version = "0.1.0"
source = "git+https://github.com/TheZoq2/Rust-scad-util.git#175888bf91ab836f68be68f517583ff7eb7b72de"
dependencies = [
 "nalgebra 0.12.3 (registry+https://github.com/rust-lang/crates.io-index)",
 "scad_generator 0.1.0 (git+https://github.com/TheZoq2/Rust-Scad.git)",
]

[[package]]
name = "typenum"
version = "1.9.0"
source = "registry+https://github.com/rust-lang/crates.io-index"

[metadata]
"checksum alga 0.5.1 (registry+https://github.com/rust-lang/crates.io-index)" = "ac1e4aec8a55e9150c6941e3c1059272b8e607c0503f9b61ca12289e56efb87b"
"checksum approx 0.1.1 (registry+https://github.com/rust-lang/crates.io-index)" = "08abcc3b4e9339e33a3d0a5ed15d84a687350c05689d825e0f6655eef9e76a94"
"checksum generic-array 0.2.1 (registry+https://github.com/rust-lang/crates.io-index)" = "3406a3975bc944fdd85b7964d53296a0ff11f4b6c4704fa4972c9a7c8ba27367"
"checksum libc 0.2.24 (registry+https://github.com/rust-lang/crates.io-index)" = "38f5c2b18a287cf78b4097db62e20f43cace381dc76ae5c0a3073067f78b7ddc"
"checksum nalgebra 0.12.3 (registry+https://github.com/rust-lang/crates.io-index)" = "c03e373ef04941f13088ef9814b90754e0d370a9b8cc9ce31d159f580e32b1a9"
"checksum num-complex 0.1.38 (registry+https://github.com/rust-lang/crates.io-index)" = "412dfc143c56579aa6a22c574e38ddbf724522f1280ae2b257498cccff3fb6af"
"checksum num-traits 0.1.39 (registry+https://github.com/rust-lang/crates.io-index)" = "1708c0628602a98b52fad936cf3edb9a107af06e52e49fdf0707e884456a6af6"
"checksum rand 0.3.15 (registry+https://github.com/rust-lang/crates.io-index)" = "022e0636ec2519ddae48154b028864bdce4eaf7d35226ab8e65c611be97b189d"
"checksum rustc-serialize 0.3.24 (registry+https://github.com/rust-lang/crates.io-index)" = "dcf128d1287d2ea9d80910b5f1120d0b8eede3fbf1abe91c40d39ea7d51e6fda"
"checksum scad_generator 0.1.0 (git+https://github.com/TheZoq2/Rust-Scad.git)" = "<none>"
"checksum scad_util 0.1.0 (git+https://github.com/TheZoq2/Rust-scad-util.git)" = "<none>"
"checksum typenum 1.9.0 (registry+https://github.com/rust-lang/crates.io-index)" = "13a99dc6780ef33c78780b826cf9d2a78840b72cae9474de4bcaf9051e60ebbd"
